
Microsoft Visual Studio Solution File, Format Version 12.00
# Visual Studio Version 17
VisualStudioVersion = 17.11.35303.130
MinimumVisualStudioVersion = 10.0.40219.1
Project("{FAE04EC0-301F-11D3-BF4B-00C04F79EFBC}") = "PDMasterDetail", "PDMasterDetail.csproj", "{1072A6F9-8093-428D-BE6B-248789B07634}"
EndProject
Global
	GlobalSection(SolutionConfigurationPlatforms) = preSolution
		Debug|Any CPU = Debug|Any CPU
		Release|Any CPU = Release|Any CPU
	EndGlobalSection
	GlobalSection(ProjectConfigurationPlatforms) = postSolution
		{1072A6F9-8093-428D-BE6B-248789B07634}.Debug|Any CPU.ActiveCfg = Debug|Any CPU
		{1072A6F9-8093-428D-BE6B-248789B07634}.Debug|Any CPU.Build.0 = Debug|Any CPU
		{1072A6F9-8093-428D-BE6B-248789B07634}.Release|Any CPU.ActiveCfg = Release|Any CPU
		{1072A6F9-8093-428D-BE6B-248789B07634}.Release|Any CPU.Build.0 = Release|Any CPU
	EndGlobalSection
	GlobalSection(SolutionProperties) = preSolution
		HideSolutionNode = FALSE
	EndGlobalSection
	GlobalSection(ExtensibilityGlobals) = postSolution
		SolutionGuid = {FA8D3682-EBF1-4597-AD4D-7A9CC66AC941}
	EndGlobalSection
EndGlobal
